
Microsoft Visual Studio Solution File, Format Version 12.00
# Visual Studio Version 17
VisualStudioVersion = 17.1.32421.90
MinimumVisualStudioVersion = 10.0.40219.1
Project("{FAE04EC0-301F-11D3-BF4B-00C04F79EFBC}") = "ConvertFromBase10ToBase-N", "ConvertFromBase10ToBase-N\ConvertFromBase10ToBase-N.csproj", "{0B040A58-E42C-4604-88E5-DCCFDD8E943B}"
EndProject
Global
	GlobalSection(SolutionConfigurationPlatforms) = preSolution
		Debug|Any CPU = Debug|Any CPU
		Release|Any CPU = Release|Any CPU
	EndGlobalSection
	GlobalSection(ProjectConfigurationPlatforms) = postSolution
		{0B040A58-E42C-4604-88E5-DCCFDD8E943B}.Debug|Any CPU.ActiveCfg = Debug|Any CPU
		{0B040A58-E42C-4604-88E5-DCCFDD8E943B}.Debug|Any CPU.Build.0 = Debug|Any CPU
		{0B040A58-E42C-4604-88E5-DCCFDD8E943B}.Release|Any CPU.ActiveCfg = Release|Any CPU
		{0B040A58-E42C-4604-88E5-DCCFDD8E943B}.Release|Any CPU.Build.0 = Release|Any CPU
	EndGlobalSection
	GlobalSection(SolutionProperties) = preSolution
		HideSolutionNode = FALSE
	EndGlobalSection
	GlobalSection(ExtensibilityGlobals) = postSolution
		SolutionGuid = {01BF53B5-5981-4DE5-A216-011B727653B8}
	EndGlobalSection
EndGlobal
