
Microsoft Visual Studio Solution File, Format Version 12.00
# Visual Studio Version 17
VisualStudioVersion = 17.1.32421.90
MinimumVisualStudioVersion = 10.0.40219.1
Project("{FAE04EC0-301F-11D3-BF4B-00C04F79EFBC}") = "Base10ToBaseN-New", "Base10ToBaseN-New\Base10ToBaseN-New.csproj", "{4FF0AB3B-3E9F-4071-9EBC-340707FF89A8}"
EndProject
Project("{FAE04EC0-301F-11D3-BF4B-00C04F79EFBC}") = "ConvertFromBaseNToBase10", "ConvertFromBaseNToBase10\ConvertFromBaseNToBase10.csproj", "{890623B7-172A-46C0-821C-857AABCD42DE}"
EndProject
Project("{FAE04EC0-301F-11D3-BF4B-00C04F79EFBC}") = "UnicodeCharacters", "UnicodeCharacters\UnicodeCharacters.csproj", "{4632B34A-ECE9-4C0D-938B-AAF7C74B9476}"
EndProject
Project("{FAE04EC0-301F-11D3-BF4B-00C04F79EFBC}") = "CharacterMultiplier", "CharacterMultiplier\CharacterMultiplier.csproj", "{8A2C859A-BC93-42E3-801E-ACDBC779E403}"
EndProject
Project("{FAE04EC0-301F-11D3-BF4B-00C04F79EFBC}") = "MagicExchangeableWords", "MagicExchangeableWords\MagicExchangeableWords.csproj", "{0DDB64BB-DFCF-4D00-9F61-CDB9592877F1}"
EndProject
Project("{FAE04EC0-301F-11D3-BF4B-00C04F79EFBC}") = "SumBigNumbers", "SumBigNumbers\SumBigNumbers.csproj", "{A92CEDB4-0D1A-4494-939E-CFF72A8E622F}"
EndProject
Project("{FAE04EC0-301F-11D3-BF4B-00C04F79EFBC}") = "MultiplyBigNumber", "MultiplyBigNumber\MultiplyBigNumber.csproj", "{14503532-0CCF-4652-9739-A959F9F89719}"
EndProject
Project("{FAE04EC0-301F-11D3-BF4B-00C04F79EFBC}") = "LettersChangeNumbers", "LettersChangeNumbers\LettersChangeNumbers.csproj", "{7D70A206-BB04-44F1-B059-DAF8506B239A}"
EndProject
Project("{FAE04EC0-301F-11D3-BF4B-00C04F79EFBC}") = "MelrahShake", "MelrahShake\MelrahShake.csproj", "{F26C2749-7236-49D7-B47F-1EF3869A2192}"
EndProject
Project("{FAE04EC0-301F-11D3-BF4B-00C04F79EFBC}") = "ExtractЕmails", "ExtractЕmails\ExtractЕmails.csproj", "{B1EEC386-FFAE-4ED3-8690-30A5E96C6411}"
EndProject
Project("{FAE04EC0-301F-11D3-BF4B-00C04F79EFBC}") = "ExtractSentencesByKeyword", "ExtractSentencesByKeyword\ExtractSentencesByKeyword.csproj", "{BF901015-4464-44F6-93EF-32054ED3EB04}"
EndProject
Project("{FAE04EC0-301F-11D3-BF4B-00C04F79EFBC}") = "ValidUsernames", "ValidUsernames\ValidUsernames.csproj", "{73C85ABD-45E8-449C-9FA4-82A4D93B9B39}"
EndProject
Global
	GlobalSection(SolutionConfigurationPlatforms) = preSolution
		Debug|Any CPU = Debug|Any CPU
		Release|Any CPU = Release|Any CPU
	EndGlobalSection
	GlobalSection(ProjectConfigurationPlatforms) = postSolution
		{4FF0AB3B-3E9F-4071-9EBC-340707FF89A8}.Debug|Any CPU.ActiveCfg = Debug|Any CPU
		{4FF0AB3B-3E9F-4071-9EBC-340707FF89A8}.Debug|Any CPU.Build.0 = Debug|Any CPU
		{4FF0AB3B-3E9F-4071-9EBC-340707FF89A8}.Release|Any CPU.ActiveCfg = Release|Any CPU
		{4FF0AB3B-3E9F-4071-9EBC-340707FF89A8}.Release|Any CPU.Build.0 = Release|Any CPU
		{890623B7-172A-46C0-821C-857AABCD42DE}.Debug|Any CPU.ActiveCfg = Debug|Any CPU
		{890623B7-172A-46C0-821C-857AABCD42DE}.Debug|Any CPU.Build.0 = Debug|Any CPU
		{890623B7-172A-46C0-821C-857AABCD42DE}.Release|Any CPU.ActiveCfg = Release|Any CPU
		{890623B7-172A-46C0-821C-857AABCD42DE}.Release|Any CPU.Build.0 = Release|Any CPU
		{4632B34A-ECE9-4C0D-938B-AAF7C74B9476}.Debug|Any CPU.ActiveCfg = Debug|Any CPU
		{4632B34A-ECE9-4C0D-938B-AAF7C74B9476}.Debug|Any CPU.Build.0 = Debug|Any CPU
		{4632B34A-ECE9-4C0D-938B-AAF7C74B9476}.Release|Any CPU.ActiveCfg = Release|Any CPU
		{4632B34A-ECE9-4C0D-938B-AAF7C74B9476}.Release|Any CPU.Build.0 = Release|Any CPU
		{8A2C859A-BC93-42E3-801E-ACDBC779E403}.Debug|Any CPU.ActiveCfg = Debug|Any CPU
		{8A2C859A-BC93-42E3-801E-ACDBC779E403}.Debug|Any CPU.Build.0 = Debug|Any CPU
		{8A2C859A-BC93-42E3-801E-ACDBC779E403}.Release|Any CPU.ActiveCfg = Release|Any CPU
		{8A2C859A-BC93-42E3-801E-ACDBC779E403}.Release|Any CPU.Build.0 = Release|Any CPU
		{0DDB64BB-DFCF-4D00-9F61-CDB9592877F1}.Debug|Any CPU.ActiveCfg = Debug|Any CPU
		{0DDB64BB-DFCF-4D00-9F61-CDB9592877F1}.Debug|Any CPU.Build.0 = Debug|Any CPU
		{0DDB64BB-DFCF-4D00-9F61-CDB9592877F1}.Release|Any CPU.ActiveCfg = Release|Any CPU
		{0DDB64BB-DFCF-4D00-9F61-CDB9592877F1}.Release|Any CPU.Build.0 = Release|Any CPU
		{A92CEDB4-0D1A-4494-939E-CFF72A8E622F}.Debug|Any CPU.ActiveCfg = Debug|Any CPU
		{A92CEDB4-0D1A-4494-939E-CFF72A8E622F}.Debug|Any CPU.Build.0 = Debug|Any CPU
		{A92CEDB4-0D1A-4494-939E-CFF72A8E622F}.Release|Any CPU.ActiveCfg = Release|Any CPU
		{A92CEDB4-0D1A-4494-939E-CFF72A8E622F}.Release|Any CPU.Build.0 = Release|Any CPU
		{14503532-0CCF-4652-9739-A959F9F89719}.Debug|Any CPU.ActiveCfg = Debug|Any CPU
		{14503532-0CCF-4652-9739-A959F9F89719}.Debug|Any CPU.Build.0 = Debug|Any CPU
		{14503532-0CCF-4652-9739-A959F9F89719}.Release|Any CPU.ActiveCfg = Release|Any CPU
		{14503532-0CCF-4652-9739-A959F9F89719}.Release|Any CPU.Build.0 = Release|Any CPU
		{7D70A206-BB04-44F1-B059-DAF8506B239A}.Debug|Any CPU.ActiveCfg = Debug|Any CPU
		{7D70A206-BB04-44F1-B059-DAF8506B239A}.Debug|Any CPU.Build.0 = Debug|Any CPU
		{7D70A206-BB04-44F1-B059-DAF8506B239A}.Release|Any CPU.ActiveCfg = Release|Any CPU
		{7D70A206-BB04-44F1-B059-DAF8506B239A}.Release|Any CPU.Build.0 = Release|Any CPU
		{F26C2749-7236-49D7-B47F-1EF3869A2192}.Debug|Any CPU.ActiveCfg = Debug|Any CPU
		{F26C2749-7236-49D7-B47F-1EF3869A2192}.Debug|Any CPU.Build.0 = Debug|Any CPU
		{F26C2749-7236-49D7-B47F-1EF3869A2192}.Release|Any CPU.ActiveCfg = Release|Any CPU
		{F26C2749-7236-49D7-B47F-1EF3869A2192}.Release|Any CPU.Build.0 = Release|Any CPU
		{B1EEC386-FFAE-4ED3-8690-30A5E96C6411}.Debug|Any CPU.ActiveCfg = Debug|Any CPU
		{B1EEC386-FFAE-4ED3-8690-30A5E96C6411}.Debug|Any CPU.Build.0 = Debug|Any CPU
		{B1EEC386-FFAE-4ED3-8690-30A5E96C6411}.Release|Any CPU.ActiveCfg = Release|Any CPU
		{B1EEC386-FFAE-4ED3-8690-30A5E96C6411}.Release|Any CPU.Build.0 = Release|Any CPU
		{BF901015-4464-44F6-93EF-32054ED3EB04}.Debug|Any CPU.ActiveCfg = Debug|Any CPU
		{BF901015-4464-44F6-93EF-32054ED3EB04}.Debug|Any CPU.Build.0 = Debug|Any CPU
		{BF901015-4464-44F6-93EF-32054ED3EB04}.Release|Any CPU.ActiveCfg = Release|Any CPU
		{BF901015-4464-44F6-93EF-32054ED3EB04}.Release|Any CPU.Build.0 = Release|Any CPU
		{73C85ABD-45E8-449C-9FA4-82A4D93B9B39}.Debug|Any CPU.ActiveCfg = Debug|Any CPU
		{73C85ABD-45E8-449C-9FA4-82A4D93B9B39}.Debug|Any CPU.Build.0 = Debug|Any CPU
		{73C85ABD-45E8-449C-9FA4-82A4D93B9B39}.Release|Any CPU.ActiveCfg = Release|Any CPU
		{73C85ABD-45E8-449C-9FA4-82A4D93B9B39}.Release|Any CPU.Build.0 = Release|Any CPU
	EndGlobalSection
	GlobalSection(SolutionProperties) = preSolution
		HideSolutionNode = FALSE
	EndGlobalSection
	GlobalSection(ExtensibilityGlobals) = postSolution
		SolutionGuid = {01BF53B5-5981-4DE5-A216-011B727653B8}
	EndGlobalSection
EndGlobal
