
Microsoft Visual Studio Solution File, Format Version 12.00
# Visual Studio Version 17
VisualStudioVersion = 17.1.32421.90
MinimumVisualStudioVersion = 10.0.40219.1
Project("{FAE04EC0-301F-11D3-BF4B-00C04F79EFBC}") = "Base10ToBaseN-New", "Base10ToBaseN-New\Base10ToBaseN-New.csproj", "{4FF0AB3B-3E9F-4071-9EBC-340707FF89A8}"
EndProject
Project("{FAE04EC0-301F-11D3-BF4B-00C04F79EFBC}") = "ConvertFromBaseNToBase10", "ConvertFromBaseNToBase10\ConvertFromBaseNToBase10.csproj", "{890623B7-172A-46C0-821C-857AABCD42DE}"
EndProject
Project("{FAE04EC0-301F-11D3-BF4B-00C04F79EFBC}") = "UnicodeCharacters", "UnicodeCharacters\UnicodeCharacters.csproj", "{4632B34A-ECE9-4C0D-938B-AAF7C74B9476}"
EndProject
Global
	GlobalSection(SolutionConfigurationPlatforms) = preSolution
		Debug|Any CPU = Debug|Any CPU
		Release|Any CPU = Release|Any CPU
	EndGlobalSection
	GlobalSection(ProjectConfigurationPlatforms) = postSolution
		{4FF0AB3B-3E9F-4071-9EBC-340707FF89A8}.Debug|Any CPU.ActiveCfg = Debug|Any CPU
		{4FF0AB3B-3E9F-4071-9EBC-340707FF89A8}.Debug|Any CPU.Build.0 = Debug|Any CPU
		{4FF0AB3B-3E9F-4071-9EBC-340707FF89A8}.Release|Any CPU.ActiveCfg = Release|Any CPU
		{4FF0AB3B-3E9F-4071-9EBC-340707FF89A8}.Release|Any CPU.Build.0 = Release|Any CPU
		{890623B7-172A-46C0-821C-857AABCD42DE}.Debug|Any CPU.ActiveCfg = Debug|Any CPU
		{890623B7-172A-46C0-821C-857AABCD42DE}.Debug|Any CPU.Build.0 = Debug|Any CPU
		{890623B7-172A-46C0-821C-857AABCD42DE}.Release|Any CPU.ActiveCfg = Release|Any CPU
		{890623B7-172A-46C0-821C-857AABCD42DE}.Release|Any CPU.Build.0 = Release|Any CPU
		{4632B34A-ECE9-4C0D-938B-AAF7C74B9476}.Debug|Any CPU.ActiveCfg = Debug|Any CPU
		{4632B34A-ECE9-4C0D-938B-AAF7C74B9476}.Debug|Any CPU.Build.0 = Debug|Any CPU
		{4632B34A-ECE9-4C0D-938B-AAF7C74B9476}.Release|Any CPU.ActiveCfg = Release|Any CPU
		{4632B34A-ECE9-4C0D-938B-AAF7C74B9476}.Release|Any CPU.Build.0 = Release|Any CPU
	EndGlobalSection
	GlobalSection(SolutionProperties) = preSolution
		HideSolutionNode = FALSE
	EndGlobalSection
	GlobalSection(ExtensibilityGlobals) = postSolution
		SolutionGuid = {01BF53B5-5981-4DE5-A216-011B727653B8}
	EndGlobalSection
EndGlobal
